
Microsoft Visual Studio Solution File, Format Version 12.00
# Visual Studio Version 17
VisualStudioVersion = 17.0.31903.59
MinimumVisualStudioVersion = 10.0.40219.1
Project("{2150E333-8FDC-42A3-9474-1A3956D46DE8}") = "src", "src", "{827E0CD3-B72D-47B6-A68D-7590B98EB39B}"
EndProject
Project("{FAE04EC0-301F-11D3-BF4B-00C04F79EFBC}") = "Frongle.Api", "src\Frongle.Api\Frongle.Api.csproj", "{3301B599-CC22-44E6-98F0-BA6BE02C5683}"
EndProject
Project("{FAE04EC0-301F-11D3-BF4B-00C04F79EFBC}") = "Frongle.Domain", "src\Frongle.Domain\Frongle.Domain.csproj", "{E947CB42-EC87-4A7F-810B-4C20D4641CDE}"
EndProject
Project("{2150E333-8FDC-42A3-9474-1A3956D46DE8}") = "tests", "tests", "{0AB3BF05-4346-4AA6-1389-037BE0695223}"
EndProject
Project("{FAE04EC0-301F-11D3-BF4B-00C04F79EFBC}") = "Frongle.Api.Tests", "tests\Frongle.Api.Tests\Frongle.Api.Tests.csproj", "{F56AA9D1-6662-49CE-B367-2036818D16F1}"
EndProject
Global
	GlobalSection(SolutionConfigurationPlatforms) = preSolution
		Debug|Any CPU = Debug|Any CPU
		Debug|x64 = Debug|x64
		Debug|x86 = Debug|x86
		Release|Any CPU = Release|Any CPU
		Release|x64 = Release|x64
		Release|x86 = Release|x86
	EndGlobalSection
	GlobalSection(ProjectConfigurationPlatforms) = postSolution
		{3301B599-CC22-44E6-98F0-BA6BE02C5683}.Debug|Any CPU.ActiveCfg = Debug|Any CPU
		{3301B599-CC22-44E6-98F0-BA6BE02C5683}.Debug|Any CPU.Build.0 = Debug|Any CPU
		{3301B599-CC22-44E6-98F0-BA6BE02C5683}.Debug|x64.ActiveCfg = Debug|Any CPU
		{3301B599-CC22-44E6-98F0-BA6BE02C5683}.Debug|x64.Build.0 = Debug|Any CPU
		{3301B599-CC22-44E6-98F0-BA6BE02C5683}.Debug|x86.ActiveCfg = Debug|Any CPU
		{3301B599-CC22-44E6-98F0-BA6BE02C5683}.Debug|x86.Build.0 = Debug|Any CPU
		{3301B599-CC22-44E6-98F0-BA6BE02C5683}.Release|Any CPU.ActiveCfg = Release|Any CPU
		{3301B599-CC22-44E6-98F0-BA6BE02C5683}.Release|Any CPU.Build.0 = Release|Any CPU
		{3301B599-CC22-44E6-98F0-BA6BE02C5683}.Release|x64.ActiveCfg = Release|Any CPU
		{3301B599-CC22-44E6-98F0-BA6BE02C5683}.Release|x64.Build.0 = Release|Any CPU
		{3301B599-CC22-44E6-98F0-BA6BE02C5683}.Release|x86.ActiveCfg = Release|Any CPU
		{3301B599-CC22-44E6-98F0-BA6BE02C5683}.Release|x86.Build.0 = Release|Any CPU
		{E947CB42-EC87-4A7F-810B-4C20D4641CDE}.Debug|Any CPU.ActiveCfg = Debug|Any CPU
		{E947CB42-EC87-4A7F-810B-4C20D4641CDE}.Debug|Any CPU.Build.0 = Debug|Any CPU
		{E947CB42-EC87-4A7F-810B-4C20D4641CDE}.Debug|x64.ActiveCfg = Debug|Any CPU
		{E947CB42-EC87-4A7F-810B-4C20D4641CDE}.Debug|x64.Build.0 = Debug|Any CPU
		{E947CB42-EC87-4A7F-810B-4C20D4641CDE}.Debug|x86.ActiveCfg = Debug|Any CPU
		{E947CB42-EC87-4A7F-810B-4C20D4641CDE}.Debug|x86.Build.0 = Debug|Any CPU
		{E947CB42-EC87-4A7F-810B-4C20D4641CDE}.Release|Any CPU.ActiveCfg = Release|Any CPU
		{E947CB42-EC87-4A7F-810B-4C20D4641CDE}.Release|Any CPU.Build.0 = Release|Any CPU
		{E947CB42-EC87-4A7F-810B-4C20D4641CDE}.Release|x64.ActiveCfg = Release|Any CPU
		{E947CB42-EC87-4A7F-810B-4C20D4641CDE}.Release|x64.Build.0 = Release|Any CPU
		{E947CB42-EC87-4A7F-810B-4C20D4641CDE}.Release|x86.ActiveCfg = Release|Any CPU
		{E947CB42-EC87-4A7F-810B-4C20D4641CDE}.Release|x86.Build.0 = Release|Any CPU
		{F56AA9D1-6662-49CE-B367-2036818D16F1}.Debug|Any CPU.ActiveCfg = Debug|Any CPU
		{F56AA9D1-6662-49CE-B367-2036818D16F1}.Debug|Any CPU.Build.0 = Debug|Any CPU
		{F56AA9D1-6662-49CE-B367-2036818D16F1}.Debug|x64.ActiveCfg = Debug|Any CPU
		{F56AA9D1-6662-49CE-B367-2036818D16F1}.Debug|x64.Build.0 = Debug|Any CPU
		{F56AA9D1-6662-49CE-B367-2036818D16F1}.Debug|x86.ActiveCfg = Debug|Any CPU
		{F56AA9D1-6662-49CE-B367-2036818D16F1}.Debug|x86.Build.0 = Debug|Any CPU
		{F56AA9D1-6662-49CE-B367-2036818D16F1}.Release|Any CPU.ActiveCfg = Release|Any CPU
		{F56AA9D1-6662-49CE-B367-2036818D16F1}.Release|Any CPU.Build.0 = Release|Any CPU
		{F56AA9D1-6662-49CE-B367-2036818D16F1}.Release|x64.ActiveCfg = Release|Any CPU
		{F56AA9D1-6662-49CE-B367-2036818D16F1}.Release|x64.Build.0 = Release|Any CPU
		{F56AA9D1-6662-49CE-B367-2036818D16F1}.Release|x86.ActiveCfg = Release|Any CPU
		{F56AA9D1-6662-49CE-B367-2036818D16F1}.Release|x86.Build.0 = Release|Any CPU
	EndGlobalSection
	GlobalSection(SolutionProperties) = preSolution
		HideSolutionNode = FALSE
	EndGlobalSection
	GlobalSection(NestedProjects) = preSolution
		{3301B599-CC22-44E6-98F0-BA6BE02C5683} = {827E0CD3-B72D-47B6-A68D-7590B98EB39B}
		{E947CB42-EC87-4A7F-810B-4C20D4641CDE} = {827E0CD3-B72D-47B6-A68D-7590B98EB39B}
		{F56AA9D1-6662-49CE-B367-2036818D16F1} = {0AB3BF05-4346-4AA6-1389-037BE0695223}
	EndGlobalSection
EndGlobal
